// !$*UTF8*$!
{
	archiveVersion = 1;
	classes = {
	};
	objectVersion = 48;
	objects = {

/* Begin PBXBuildFile section */
		E1D7902620488E5C0005A06B /* AppDelegate.swift in Sources */ = {isa = PBXBuildFile; fileRef = E1D7902520488E5C0005A06B /* AppDelegate.swift */; };
		E1D7902820488E5C0005A06B /* ViewController.swift in Sources */ = {isa = PBXBuildFile; fileRef = E1D7902720488E5C0005A06B /* ViewController.swift */; };
		E1D7902B20488E5C0005A06B /* Main.storyboard in Resources */ = {isa = PBXBuildFile; fileRef = E1D7902920488E5C0005A06B /* Main.storyboard */; };
		E1D7902D20488E5C0005A06B /* Assets.xcassets in Resources */ = {isa = PBXBuildFile; fileRef = E1D7902C20488E5C0005A06B /* Assets.xcassets */; };
		E1D7903020488E5C0005A06B /* LaunchScreen.storyboard in Resources */ = {isa = PBXBuildFile; fileRef = E1D7902E20488E5C0005A06B /* LaunchScreen.storyboard */; };
		E1D7903B20488E5C0005A06B /* AlamofireContributorsTests.swift in Sources */ = {isa = PBXBuildFile; fileRef = E1D7903A20488E5C0005A06B /* AlamofireContributorsTests.swift */; };
/* End PBXBuildFile section */

/* Begin PBXContainerItemProxy section */
		E1D7903720488E5C0005A06B /* PBXContainerItemProxy */ = {
			isa = PBXContainerItemProxy;
			containerPortal = E1D7901A20488E5B0005A06B /* Project object */;
			proxyType = 1;
			remoteGlobalIDString = E1D7902120488E5C0005A06B;
			remoteInfo = AlamofireContributors;
		};
/* End PBXContainerItemProxy section */

/* Begin PBXFileReference section */
		E1D7902220488E5C0005A06B /* AlamofireContributors.app */ = {isa = PBXFileReference; explicitFileType = wrapper.application; includeInIndex = 0; path = AlamofireContributors.app; sourceTree = BUILT_PRODUCTS_DIR; };
		E1D7902520488E5C0005A06B /* AppDelegate.swift */ = {isa = PBXFileReference; lastKnownFileType = sourcecode.swift; path = AppDelegate.swift; sourceTree = "<group>"; };
		E1D7902720488E5C0005A06B /* ViewController.swift */ = {isa = PBXFileReference; lastKnownFileType = sourcecode.swift; path = ViewController.swift; sourceTree = "<group>"; };
		E1D7902A20488E5C0005A06B /* Base */ = {isa = PBXFileReference; lastKnownFileType = file.storyboard; name = Base; path = Base.lproj/Main.storyboard; sourceTree = "<group>"; };
		E1D7902C20488E5C0005A06B /* Assets.xcassets */ = {isa = PBXFileReference; lastKnownFileType = folder.assetcatalog; path = Assets.xcassets; sourceTree = "<group>"; };
		E1D7902F20488E5C0005A06B /* Base */ = {isa = PBXFileReference; lastKnownFileType = file.storyboard; name = Base; path = Base.lproj/LaunchScreen.storyboard; sourceTree = "<group>"; };
		E1D7903120488E5C0005A06B /* Info.plist */ = {isa = PBXFileReference; lastKnownFileType = text.plist.xml; path = Info.plist; sourceTree = "<group>"; };
		E1D7903620488E5C0005A06B /* AlamofireContributorsTests.xctest */ = {isa = PBXFileReference; explicitFileType = wrapper.cfbundle; includeInIndex = 0; path = AlamofireContributorsTests.xctest; sourceTree = BUILT_PRODUCTS_DIR; };
		E1D7903A20488E5C0005A06B /* AlamofireContributorsTests.swift */ = {isa = PBXFileReference; lastKnownFileType = sourcecode.swift; path = AlamofireContributorsTests.swift; sourceTree = "<group>"; };
		E1D7903C20488E5C0005A06B /* Info.plist */ = {isa = PBXFileReference; lastKnownFileType = text.plist.xml; path = Info.plist; sourceTree = "<group>"; };
/* End PBXFileReference section */

/* Begin PBXFrameworksBuildPhase section */
		E1D7901F20488E5C0005A06B /* Frameworks */ = {
			isa = PBXFrameworksBuildPhase;
			buildActionMask = 2147483647;
			files = (
			);
			runOnlyForDeploymentPostprocessing = 0;
		};
		E1D7903320488E5C0005A06B /* Frameworks */ = {
			isa = PBXFrameworksBuildPhase;
			buildActionMask = 2147483647;
			files = (
			);
			runOnlyForDeploymentPostprocessing = 0;
		};
/* End PBXFrameworksBuildPhase section */

/* Begin PBXGroup section */
		E1D7901920488E5B0005A06B = {
			isa = PBXGroup;
			children = (
				E1D7902420488E5C0005A06B /* AlamofireContributors */,
				E1D7903920488E5C0005A06B /* AlamofireContributorsTests */,
				E1D7902320488E5C0005A06B /* Products */,
			);
			sourceTree = "<group>";
		};
		E1D7902320488E5C0005A06B /* Products */ = {
			isa = PBXGroup;
			children = (
				E1D7902220488E5C0005A06B /* AlamofireContributors.app */,
				E1D7903620488E5C0005A06B /* AlamofireContributorsTests.xctest */,
			);
			name = Products;
			sourceTree = "<group>";
		};
		E1D7902420488E5C0005A06B /* AlamofireContributors */ = {
			isa = PBXGroup;
			children = (
				E1D7902520488E5C0005A06B /* AppDelegate.swift */,
				E1D7902720488E5C0005A06B /* ViewController.swift */,
				E1D7902920488E5C0005A06B /* Main.storyboard */,
				E1D7902C20488E5C0005A06B /* Assets.xcassets */,
				E1D7902E20488E5C0005A06B /* LaunchScreen.storyboard */,
				E1D7903120488E5C0005A06B /* Info.plist */,
			);
			path = AlamofireContributors;
			sourceTree = "<group>";
		};
		E1D7903920488E5C0005A06B /* AlamofireContributorsTests */ = {
			isa = PBXGroup;
			children = (
				E1D7903A20488E5C0005A06B /* AlamofireContributorsTests.swift */,
				E1D7903C20488E5C0005A06B /* Info.plist */,
			);
			path = AlamofireContributorsTests;
			sourceTree = "<group>";
		};
/* End PBXGroup section */

/* Begin PBXNativeTarget section */
		E1D7902120488E5C0005A06B /* AlamofireContributors */ = {
			isa = PBXNativeTarget;
			buildConfigurationList = E1D7903F20488E5C0005A06B /* Build configuration list for PBXNativeTarget "AlamofireContributors" */;
			buildPhases = (
				E1D7901E20488E5C0005A06B /* Sources */,
				E1D7901F20488E5C0005A06B /* Frameworks */,
				E1D7902020488E5C0005A06B /* Resources */,
			);
			buildRules = (
			);
			dependencies = (
			);
			name = AlamofireContributors;
			productName = AlamofireContributors;
			productReference = E1D7902220488E5C0005A06B /* AlamofireContributors.app */;
			productType = "com.apple.product-type.application";
		};
		E1D7903520488E5C0005A06B /* AlamofireContributorsTests */ = {
			isa = PBXNativeTarget;
			buildConfigurationList = E1D7904220488E5C0005A06B /* Build configuration list for PBXNativeTarget "AlamofireContributorsTests" */;
			buildPhases = (
				E1D7903220488E5C0005A06B /* Sources */,
				E1D7903320488E5C0005A06B /* Frameworks */,
				E1D7903420488E5C0005A06B /* Resources */,
			);
			buildRules = (
			);
			dependencies = (
				E1D7903820488E5C0005A06B /* PBXTargetDependency */,
			);
			name = AlamofireContributorsTests;
			productName = AlamofireContributorsTests;
			productReference = E1D7903620488E5C0005A06B /* AlamofireContributorsTests.xctest */;
			productType = "com.apple.product-type.bundle.unit-test";
		};
/* End PBXNativeTarget section */

/* Begin PBXProject section */
		E1D7901A20488E5B0005A06B /* Project object */ = {
			isa = PBXProject;
			attributes = {
				LastSwiftUpdateCheck = 0920;
				LastUpgradeCheck = 0920;
				ORGANIZATIONNAME = "Vasyl Skrypij";
				TargetAttributes = {
					E1D7902120488E5C0005A06B = {
						CreatedOnToolsVersion = 9.2;
						ProvisioningStyle = Automatic;
					};
					E1D7903520488E5C0005A06B = {
						CreatedOnToolsVersion = 9.2;
						ProvisioningStyle = Automatic;
						TestTargetID = E1D7902120488E5C0005A06B;
					};
				};
			};
			buildConfigurationList = E1D7901D20488E5B0005A06B /* Build configuration list for PBXProject "AlamofireContributors" */;
			compatibilityVersion = "Xcode 8.0";
			developmentRegion = en;
			hasScannedForEncodings = 0;
			knownRegions = (
				en,
				Base,
			);
			mainGroup = E1D7901920488E5B0005A06B;
			productRefGroup = E1D7902320488E5C0005A06B /* Products */;
			projectDirPath = "";
			projectRoot = "";
			targets = (
				E1D7902120488E5C0005A06B /* AlamofireContributors */,
				E1D7903520488E5C0005A06B /* AlamofireContributorsTests */,
			);
		};
/* End PBXProject section */

/* Begin PBXResourcesBuildPhase section */
		E1D7902020488E5C0005A06B /* Resources */ = {
			isa = PBXResourcesBuildPhase;
			buildActionMask = 2147483647;
			files = (
				E1D7903020488E5C0005A06B /* LaunchScreen.storyboard in Resources */,
				E1D7902D20488E5C0005A06B /* Assets.xcassets in Resources */,
				E1D7902B20488E5C0005A06B /* Main.storyboard in Resources */,
			);
			runOnlyForDeploymentPostprocessing = 0;
		};
		E1D7903420488E5C0005A06B /* Resources */ = {
			isa = PBXResourcesBuildPhase;
			buildActionMask = 2147483647;
			files = (
			);
			runOnlyForDeploymentPostprocessing = 0;
		};
/* End PBXResourcesBuildPhase section */

/* Begin PBXSourcesBuildPhase section */
		E1D7901E20488E5C0005A06B /* Sources */ = {
			isa = PBXSourcesBuildPhase;
			buildActionMask = 2147483647;
			files = (
				E1D7902820488E5C0005A06B /* ViewController.swift in Sources */,
				E1D7902620488E5C0005A06B /* AppDelegate.swift in Sources */,
			);
			runOnlyForDeploymentPostprocessing = 0;
		};
		E1D7903220488E5C0005A06B /* Sources */ = {
			isa = PBXSourcesBuildPhase;
			buildActionMask = 2147483647;
			files = (
				E1D7903B20488E5C0005A06B /* AlamofireContributorsTests.swift in Sources */,
			);
			runOnlyForDeploymentPostprocessing = 0;
		};
/* End PBXSourcesBuildPhase section */

/* Begin PBXTargetDependency section */
		E1D7903820488E5C0005A06B /* PBXTargetDependency */ = {
			isa = PBXTargetDependency;
			target = E1D7902120488E5C0005A06B /* AlamofireContributors */;
			targetProxy = E1D7903720488E5C0005A06B /* PBXContainerItemProxy */;
		};
/* End PBXTargetDependency section */

/* Begin PBXVariantGroup section */
		E1D7902920488E5C0005A06B /* Main.storyboard */ = {
			isa = PBXVariantGroup;
			children = (
				E1D7902A20488E5C0005A06B /* Base */,
			);
			name = Main.storyboard;
			sourceTree = "<group>";
		};
		E1D7902E20488E5C0005A06B /* LaunchScreen.storyboard */ = {
			isa = PBXVariantGroup;
			children = (
				E1D7902F20488E5C0005A06B /* Base */,
			);
			name = LaunchScreen.storyboard;
			sourceTree = "<group>";
		};
/* End PBXVariantGroup section */

/* Begin XCBuildConfiguration section */
		E1D7903D20488E5C0005A06B /* Debug */ = {
			isa = XCBuildConfiguration;
			buildSettings = {
				ALWAYS_SEARCH_USER_PATHS = NO;
				CLANG_ANALYZER_NONNULL = YES;
				CLANG_ANALYZER_NUMBER_OBJECT_CONVERSION = YES_AGGRESSIVE;
				CLANG_CXX_LANGUAGE_STANDARD = "gnu++14";
				CLANG_CXX_LIBRARY = "libc++";
				CLANG_ENABLE_MODULES = YES;
				CLANG_ENABLE_OBJC_ARC = YES;
				CLANG_WARN_BLOCK_CAPTURE_AUTORELEASING = YES;
				CLANG_WARN_BOOL_CONVERSION = YES;
				CLANG_WARN_COMMA = YES;
				CLANG_WARN_CONSTANT_CONVERSION = YES;
				CLANG_WARN_DIRECT_OBJC_ISA_USAGE = YES_ERROR;
				CLANG_WARN_DOCUMENTATION_COMMENTS = YES;
				CLANG_WARN_EMPTY_BODY = YES;
				CLANG_WARN_ENUM_CONVERSION = YES;
				CLANG_WARN_INFINITE_RECURSION = YES;
				CLANG_WARN_INT_CONVERSION = YES;
				CLANG_WARN_NON_LITERAL_NULL_CONVERSION = YES;
				CLANG_WARN_OBJC_LITERAL_CONVERSION = YES;
				CLANG_WARN_OBJC_ROOT_CLASS = YES_ERROR;
				CLANG_WARN_RANGE_LOOP_ANALYSIS = YES;
				CLANG_WARN_STRICT_PROTOTYPES = YES;
				CLANG_WARN_SUSPICIOUS_MOVE = YES;
				CLANG_WARN_UNGUARDED_AVAILABILITY = YES_AGGRESSIVE;
				CLANG_WARN_UNREACHABLE_CODE = YES;
				CLANG_WARN__DUPLICATE_METHOD_MATCH = YES;
				CODE_SIGN_IDENTITY = "iPhone Developer";
				COPY_PHASE_STRIP = NO;
				DEBUG_INFORMATION_FORMAT = dwarf;
				ENABLE_STRICT_OBJC_MSGSEND = YES;
				ENABLE_TESTABILITY = YES;
				GCC_C_LANGUAGE_STANDARD = gnu11;
				GCC_DYNAMIC_NO_PIC = NO;
				GCC_NO_COMMON_BLOCKS = YES;
				GCC_OPTIMIZATION_LEVEL = 0;
				GCC_PREPROCESSOR_DEFINITIONS = (
					"DEBUG=1",
					"$(inherited)",
				);
				GCC_WARN_64_TO_32_BIT_CONVERSION = YES;
				GCC_WARN_ABOUT_RETURN_TYPE = YES_ERROR;
				GCC_WARN_UNDECLARED_SELECTOR = YES;
				GCC_WARN_UNINITIALIZED_AUTOS = YES_AGGRESSIVE;
				GCC_WARN_UNUSED_FUNCTION = YES;
				GCC_WARN_UNUSED_VARIABLE = YES;
				IPHONEOS_DEPLOYMENT_TARGET = 11.2;
				MTL_ENABLE_DEBUG_INFO = YES;
				ONLY_ACTIVE_ARCH = YES;
				SDKROOT = iphoneos;
				SWIFT_ACTIVE_COMPILATION_CONDITIONS = DEBUG;
				SWIFT_OPTIMIZATION_LEVEL = "-Onone";
			};
			name = Debug;
		};
		E1D7903E20488E5C0005A06B /* Release */ = {
			isa = XCBuildConfiguration;
			buildSettings = {
				ALWAYS_SEARCH_USER_PATHS = NO;
				CLANG_ANALYZER_NONNULL = YES;
				CLANG_ANALYZER_NUMBER_OBJECT_CONVERSION = YES_AGGRESSIVE;
				CLANG_CXX_LANGUAGE_STANDARD = "gnu++14";
				CLANG_CXX_LIBRARY = "libc++";
				CLANG_ENABLE_MODULES = YES;
				CLANG_ENABLE_OBJC_ARC = YES;
				CLANG_WARN_BLOCK_CAPTURE_AUTORELEASING = YES;
				CLANG_WARN_BOOL_CONVERSION = YES;
				CLANG_WARN_COMMA = YES;
				CLANG_WARN_CONSTANT_CONVERSION = YES;
				CLANG_WARN_DIRECT_OBJC_ISA_USAGE = YES_ERROR;
				CLANG_WARN_DOCUMENTATION_COMMENTS = YES;
				CLANG_WARN_EMPTY_BODY = YES;
				CLANG_WARN_ENUM_CONVERSION = YES;
				CLANG_WARN_INFINITE_RECURSION = YES;
				CLANG_WARN_INT_CONVERSION = YES;
				CLANG_WARN_NON_LITERAL_NULL_CONVERSION = YES;
				CLANG_WARN_OBJC_LITERAL_CONVERSION = YES;
				CLANG_WARN_OBJC_ROOT_CLASS = YES_ERROR;
				CLANG_WARN_RANGE_LOOP_ANALYSIS = YES;
				CLANG_WARN_STRICT_PROTOTYPES = YES;
				CLANG_WARN_SUSPICIOUS_MOVE = YES;
				CLANG_WARN_UNGUARDED_AVAILABILITY = YES_AGGRESSIVE;
				CLANG_WARN_UNREACHABLE_CODE = YES;
				CLANG_WARN__DUPLICATE_METHOD_MATCH = YES;
				CODE_SIGN_IDENTITY = "iPhone Developer";
				COPY_PHASE_STRIP = NO;
				DEBUG_INFORMATION_FORMAT = "dwarf-with-dsym";
				ENABLE_NS_ASSERTIONS = NO;
				ENABLE_STRICT_OBJC_MSGSEND = YES;
				GCC_C_LANGUAGE_STANDARD = gnu11;
				GCC_NO_COMMON_BLOCKS = YES;
				GCC_WARN_64_TO_32_BIT_CONVERSION = YES;
				GCC_WARN_ABOUT_RETURN_TYPE = YES_ERROR;
				GCC_WARN_UNDECLARED_SELECTOR = YES;
				GCC_WARN_UNINITIALIZED_AUTOS = YES_AGGRESSIVE;
				GCC_WARN_UNUSED_FUNCTION = YES;
				GCC_WARN_UNUSED_VARIABLE = YES;
				IPHONEOS_DEPLOYMENT_TARGET = 11.2;
				MTL_ENABLE_DEBUG_INFO = NO;
				SDKROOT = iphoneos;
				SWIFT_OPTIMIZATION_LEVEL = "-Owholemodule";
				VALIDATE_PRODUCT = YES;
			};
			name = Release;
		};
		E1D7904020488E5C0005A06B /* Debug */ = {
			isa = XCBuildConfiguration;
			buildSettings = {
				ASSETCATALOG_COMPILER_APPICON_NAME = AppIcon;
				CODE_SIGN_STYLE = Automatic;
				DEVELOPMENT_TEAM = ASBEHMHQ4E;
				INFOPLIST_FILE = AlamofireContributors/Info.plist;
				LD_RUNPATH_SEARCH_PATHS = "$(inherited) @executable_path/Frameworks";
				PRODUCT_BUNDLE_IDENTIFIER = com.vskrypij..AlamofireContributors;
				PRODUCT_NAME = "$(TARGET_NAME)";
				SWIFT_VERSION = 4.0;
				TARGETED_DEVICE_FAMILY = "1,2";
			};
			name = Debug;
		};
		E1D7904120488E5C0005A06B /* Release */ = {
			isa = XCBuildConfiguration;
			buildSettings = {
				ASSETCATALOG_COMPILER_APPICON_NAME = AppIcon;
				CODE_SIGN_STYLE = Automatic;
				DEVELOPMENT_TEAM = ASBEHMHQ4E;
				INFOPLIST_FILE = AlamofireContributors/Info.plist;
				LD_RUNPATH_SEARCH_PATHS = "$(inherited) @executable_path/Frameworks";
				PRODUCT_BUNDLE_IDENTIFIER = com.vskrypij..AlamofireContributors;
				PRODUCT_NAME = "$(TARGET_NAME)";
				SWIFT_VERSION = 4.0;
				TARGETED_DEVICE_FAMILY = "1,2";
			};
			name = Release;
		};
		E1D7904320488E5C0005A06B /* Debug */ = {
			isa = XCBuildConfiguration;
			buildSettings = {
				ALWAYS_EMBED_SWIFT_STANDARD_LIBRARIES = YES;
				BUNDLE_LOADER = "$(TEST_HOST)";
				CODE_SIGN_STYLE = Automatic;
				DEVELOPMENT_TEAM = ASBEHMHQ4E;
				INFOPLIST_FILE = AlamofireContributorsTests/Info.plist;
				LD_RUNPATH_SEARCH_PATHS = "$(inherited) @executable_path/Frameworks @loader_path/Frameworks";
				PRODUCT_BUNDLE_IDENTIFIER = com.vskrypij..AlamofireContributorsTests;
				PRODUCT_NAME = "$(TARGET_NAME)";
				SWIFT_VERSION = 4.0;
				TARGETED_DEVICE_FAMILY = "1,2";
				TEST_HOST = "$(BUILT_PRODUCTS_DIR)/AlamofireContributors.app/AlamofireContributors";
			};
			name = Debug;
		};
		E1D7904420488E5C0005A06B /* Release */ = {
			isa = XCBuildConfiguration;
			buildSettings = {
				ALWAYS_EMBED_SWIFT_STANDARD_LIBRARIES = YES;
				BUNDLE_LOADER = "$(TEST_HOST)";
				CODE_SIGN_STYLE = Automatic;
				DEVELOPMENT_TEAM = ASBEHMHQ4E;
				INFOPLIST_FILE = AlamofireContributorsTests/Info.plist;
				LD_RUNPATH_SEARCH_PATHS = "$(inherited) @executable_path/Frameworks @loader_path/Frameworks";
				PRODUCT_BUNDLE_IDENTIFIER = com.vskrypij..AlamofireContributorsTests;
				PRODUCT_NAME = "$(TARGET_NAME)";
				SWIFT_VERSION = 4.0;
				TARGETED_DEVICE_FAMILY = "1,2";
				TEST_HOST = "$(BUILT_PRODUCTS_DIR)/AlamofireContributors.app/AlamofireContributors";
			};
			name = Release;
		};
/* End XCBuildConfiguration section */

/* Begin XCConfigurationList section */
		E1D7901D20488E5B0005A06B /* Build configuration list for PBXProject "AlamofireContributors" */ = {
			isa = XCConfigurationList;
			buildConfigurations = (
				E1D7903D20488E5C0005A06B /* Debug */,
				E1D7903E20488E5C0005A06B /* Release */,
			);
			defaultConfigurationIsVisible = 0;
			defaultConfigurationName = Release;
		};
		E1D7903F20488E5C0005A06B /* Build configuration list for PBXNativeTarget "AlamofireContributors" */ = {
			isa = XCConfigurationList;
			buildConfigurations = (
				E1D7904020488E5C0005A06B /* Debug */,
				E1D7904120488E5C0005A06B /* Release */,
			);
			defaultConfigurationIsVisible = 0;
			defaultConfigurationName = Release;
		};
		E1D7904220488E5C0005A06B /* Build configuration list for PBXNativeTarget "AlamofireContributorsTests" */ = {
			isa = XCConfigurationList;
			buildConfigurations = (
				E1D7904320488E5C0005A06B /* Debug */,
				E1D7904420488E5C0005A06B /* Release */,
			);
			defaultConfigurationIsVisible = 0;
			defaultConfigurationName = Release;
		};
/* End XCConfigurationList section */
	};
	rootObject = E1D7901A20488E5B0005A06B /* Project object */;
}
